# THIS IS AN AUTOGENERATED FILE. DO NOT EDIT THIS FILE DIRECTLY.
# yarn lockfile v1


eslint-plugin-react-hooks@^2.1.2:
  version "2.1.2"
  resolved "https://registry.yarnpkg.com/eslint-plugin-react-hooks/-/eslint-plugin-react-hooks-2.1.2.tgz#1358d2acb2c5e02b7e90c37e611ac258a488e3a7"
  integrity sha512-ZR+AyesAUGxJAyTFlF3MbzeVHAcQTFQt1fFVe5o0dzY/HFoj1dgQDMoIkiM+ltN/HhlHBYX4JpJwYonjxsyQMA==
